
Microsoft Visual Studio Solution File, Format Version 12.00
# Visual Studio Version 17
VisualStudioVersion = 17.8.34601.278
MinimumVisualStudioVersion = 10.0.40219.1
Project("{FAE04EC0-301F-11D3-BF4B-00C04F79EFBC}") = "ApplicazioneAlbergo_core_Entity", "ApplicazioneAlbergo_core_Entity\ApplicazioneAlbergo_core_Entity.csproj", "{D050617B-9D7E-450A-A4E4-1B54DA3E0764}"
EndProject
Global
	GlobalSection(SolutionConfigurationPlatforms) = preSolution
		Debug|Any CPU = Debug|Any CPU
		Release|Any CPU = Release|Any CPU
	EndGlobalSection
	GlobalSection(ProjectConfigurationPlatforms) = postSolution
		{D050617B-9D7E-450A-A4E4-1B54DA3E0764}.Debug|Any CPU.ActiveCfg = Debug|Any CPU
		{D050617B-9D7E-450A-A4E4-1B54DA3E0764}.Debug|Any CPU.Build.0 = Debug|Any CPU
		{D050617B-9D7E-450A-A4E4-1B54DA3E0764}.Release|Any CPU.ActiveCfg = Release|Any CPU
		{D050617B-9D7E-450A-A4E4-1B54DA3E0764}.Release|Any CPU.Build.0 = Release|Any CPU
	EndGlobalSection
	GlobalSection(SolutionProperties) = preSolution
		HideSolutionNode = FALSE
	EndGlobalSection
	GlobalSection(ExtensibilityGlobals) = postSolution
		SolutionGuid = {78889171-4D2D-4AB8-8BA5-FA77D9B13D7B}
	EndGlobalSection
EndGlobal
